<?xml version="1.0" encoding="utf-8"?>
<Project ToolsVersion="4.0" xmlns="http://schemas.microsoft.com/developer/msbuild/2003">
  <ItemGroup>
    <Filter Include="소스 파일">
      <UniqueIdentifier>{4FC737F1-C7A5-4376-A066-2A32D752A2FF}</UniqueIdentifier>
      <Extensions>cpp;c;cc;cxx;def;odl;idl;hpj;bat;asm;asmx</Extensions>
    </Filter>
    <Filter Include="헤더 파일">
      <UniqueIdentifier>{93995380-89BD-4b04-88EB-625FBE52EBFB}</UniqueIdentifier>
      <Extensions>h;hh;hpp;hxx;hm;inl;inc;xsd</Extensions>
    </Filter>
    <Filter Include="리소스 파일">
      <UniqueIdentifier>{67DA6AB6-F800-4c08-8B7A-83BB121AAD01}</UniqueIdentifier>
      <Extensions>rc;ico;cur;bmp;dlg;rc2;rct;bin;rgs;gif;jpg;jpeg;jpe;resx;tiff;tif;png;wav;mfcribbon-ms</Extensions>
    </Filter>
    <Filter Include="#3D Framework">
      <UniqueIdentifier>{c046b80d-406a-42a4-b64b-c7f594ae440b}</UniqueIdentifier>
    </Filter>
    <Filter Include="#3D Framework\Manager">
      <UniqueIdentifier>{5244b2e8-bb79-4bff-9aca-93a0414e3532}</UniqueIdentifier>
    </Filter>
    <Filter Include="#3D Framework\Geometry">
      <UniqueIdentifier>{9f235dab-89cb-41aa-9478-989cdfd9be7d}</UniqueIdentifier>
    </Filter>
    <Filter Include="#3D Framework\Camera">
      <UniqueIdentifier>{b3c38766-28af-48f1-9658-7301dcdfed75}</UniqueIdentifier>
    </Filter>
    <Filter Include="#3D Framework\Grid">
      <UniqueIdentifier>{9cbf0329-b6ac-498f-b506-111d00f48d73}</UniqueIdentifier>
    </Filter>
    <Filter Include="MainGame">
      <UniqueIdentifier>{eb93fe87-d578-48f2-a88a-f9b666e8554a}</UniqueIdentifier>
    </Filter>
    <Filter Include="MainGame\Window">
      <UniqueIdentifier>{7976c4a6-f905-4e58-bbf8-4804bc34ebcd}</UniqueIdentifier>
    </Filter>
    <Filter Include="헤더 파일\기타">
      <UniqueIdentifier>{97a722a2-ce22-49a4-9fa3-cb5c4b442a5d}</UniqueIdentifier>
    </Filter>
    <Filter Include="소스 파일\기타">
      <UniqueIdentifier>{cd6b64b8-9520-429b-b008-f99a6731964f}</UniqueIdentifier>
    </Filter>
    <Filter Include="MainGame\GameMain">
      <UniqueIdentifier>{f4ce75ba-c581-4a4b-807a-4805b0a85559}</UniqueIdentifier>
    </Filter>
    <Filter Include="#3D Framework\Manager\DeviceManager">
      <UniqueIdentifier>{482d59c9-6b60-4129-bd86-f5a2198c784a}</UniqueIdentifier>
    </Filter>
    <Filter Include="#3D Framework\Manager\SceneManager">
      <UniqueIdentifier>{87ec93cd-4438-46dd-b6d1-6e172ed3f58f}</UniqueIdentifier>
    </Filter>
    <Filter Include="테스트용 폴더">
      <UniqueIdentifier>{3b88c983-182b-4d0d-9c47-4d5a494c297d}</UniqueIdentifier>
    </Filter>
    <Filter Include="#3D Framework\Manager\TimeManager">
      <UniqueIdentifier>{3912a80f-4cdb-4655-8d47-f80d0585f667}</UniqueIdentifier>
    </Filter>
    <Filter Include="#3D Framework\Geometry\드래곤볼 2성 구">
      <UniqueIdentifier>{b166b968-20eb-435f-98fc-56ba3e711b46}</UniqueIdentifier>
    </Filter>
    <Filter Include="#3D Framework\Geometry\드래곤볼 2성 구\찾았다 김태영">
      <UniqueIdentifier>{b2c7ef59-4da9-4033-abf2-0dc7d5a1e1db}</UniqueIdentifier>
    </Filter>
    <Filter Include="#3D Framework\Manager\KeyManager">
      <UniqueIdentifier>{b33f59c6-b717-42ee-b2c1-1148751b9cf1}</UniqueIdentifier>
    </Filter>
    <Filter Include="#3D Framework\Manager\MaterialManager">
      <UniqueIdentifier>{9fb193c2-f373-4f7c-938e-147edfb16ef6}</UniqueIdentifier>
    </Filter>
  </ItemGroup>
  <ItemGroup>
    <Text Include="ReadMe.txt" />
  </ItemGroup>
  <ItemGroup>
    <ClInclude Include="DarknessofPlanet.h">
      <Filter>MainGame\Window</Filter>
    </ClInclude>
    <ClInclude Include="stdafx.h">
      <Filter>MainGame\Window</Filter>
    </ClInclude>
    <ClInclude Include="resource.h">
      <Filter>헤더 파일\기타</Filter>
    </ClInclude>
    <ClInclude Include="targetver.h">
      <Filter>헤더 파일\기타</Filter>
    </ClInclude>
    <ClInclude Include="cGameNode.h">
      <Filter>MainGame\GameMain</Filter>
    </ClInclude>
    <ClInclude Include="cMainGame.h">
      <Filter>MainGame\GameMain</Filter>
    </ClInclude>
    <ClInclude Include="commonFunction.h">
      <Filter>MainGame\GameMain</Filter>
    </ClInclude>
    <ClInclude Include="cSingletonBase.h">
      <Filter>#3D Framework\Manager</Filter>
    </ClInclude>
    <ClInclude Include="cDeviceManager.h">
      <Filter>#3D Framework\Manager\DeviceManager</Filter>
    </ClInclude>
    <ClInclude Include="cSceneManager.h">
      <Filter>#3D Framework\Manager\SceneManager</Filter>
    </ClInclude>
    <ClInclude Include="cJustTestScene.h">
      <Filter>테스트용 폴더</Filter>
    </ClInclude>
    <ClInclude Include="cTimeManager.h">
      <Filter>#3D Framework\Manager\TimeManager</Filter>
    </ClInclude>
    <ClInclude Include="cTimer.h">
      <Filter>#3D Framework\Manager\TimeManager</Filter>
    </ClInclude>
    <ClInclude Include="cKeyManager.h">
      <Filter>#3D Framework\Manager\KeyManager</Filter>
    </ClInclude>
    <ClInclude Include="cMaterialManager.h">
      <Filter>#3D Framework\Manager\MaterialManager</Filter>
    </ClInclude>
  </ItemGroup>
  <ItemGroup>
    <ClCompile Include="DarknessofPlanet.cpp">
      <Filter>MainGame\Window</Filter>
    </ClCompile>
    <ClCompile Include="stdafx.cpp">
      <Filter>MainGame\Window</Filter>
    </ClCompile>
    <ClCompile Include="cGameNode.cpp">
      <Filter>MainGame\GameMain</Filter>
    </ClCompile>
    <ClCompile Include="cMainGame.cpp">
      <Filter>MainGame\GameMain</Filter>
    </ClCompile>
    <ClCompile Include="cDeviceManager.cpp">
      <Filter>#3D Framework\Manager\DeviceManager</Filter>
    </ClCompile>
    <ClCompile Include="cSceneManager.cpp">
      <Filter>#3D Framework\Manager\SceneManager</Filter>
    </ClCompile>
    <ClCompile Include="cJustTestScene.cpp">
      <Filter>테스트용 폴더</Filter>
    </ClCompile>
    <ClCompile Include="commonFunction.cpp">
      <Filter>MainGame\GameMain</Filter>
    </ClCompile>
    <ClCompile Include="cTimeManager.cpp">
      <Filter>#3D Framework\Manager\TimeManager</Filter>
    </ClCompile>
    <ClCompile Include="cTimer.cpp">
      <Filter>#3D Framework\Manager\TimeManager</Filter>
    </ClCompile>
    <ClCompile Include="cKeyManager.cpp">
      <Filter>#3D Framework\Manager\KeyManager</Filter>
    </ClCompile>
    <ClCompile Include="cMaterialManager.cpp">
      <Filter>#3D Framework\Manager\MaterialManager</Filter>
    </ClCompile>
  </ItemGroup>
  <ItemGroup>
    <ResourceCompile Include="DarknessofPlanet.rc">
      <Filter>리소스 파일</Filter>
    </ResourceCompile>
  </ItemGroup>
  <ItemGroup>
    <Image Include="small.ico">
      <Filter>리소스 파일</Filter>
    </Image>
    <Image Include="DarknessofPlanet.ico">
      <Filter>리소스 파일</Filter>
    </Image>
  </ItemGroup>
</Project>