<?xml version="1.0" encoding="utf-8"?>
<Project ToolsVersion="4.0" xmlns="http://schemas.microsoft.com/developer/msbuild/2003">
  <ItemGroup>
    <Filter Include="소스 파일">
      <UniqueIdentifier>{4FC737F1-C7A5-4376-A066-2A32D752A2FF}</UniqueIdentifier>
      <Extensions>cpp;c;cc;cxx;def;odl;idl;hpj;bat;asm;asmx</Extensions>
    </Filter>
    <Filter Include="헤더 파일">
      <UniqueIdentifier>{93995380-89BD-4b04-88EB-625FBE52EBFB}</UniqueIdentifier>
      <Extensions>h;hh;hpp;hxx;hm;inl;inc;xsd</Extensions>
    </Filter>
    <Filter Include="리소스 파일">
      <UniqueIdentifier>{67DA6AB6-F800-4c08-8B7A-83BB121AAD01}</UniqueIdentifier>
      <Extensions>rc;ico;cur;bmp;dlg;rc2;rct;bin;rgs;gif;jpg;jpeg;jpe;resx;tiff;tif;png;wav;mfcribbon-ms</Extensions>
    </Filter>
    <Filter Include="#3D Framework">
      <UniqueIdentifier>{c046b80d-406a-42a4-b64b-c7f594ae440b}</UniqueIdentifier>
    </Filter>
    <Filter Include="#3D Framework\Manager">
      <UniqueIdentifier>{5244b2e8-bb79-4bff-9aca-93a0414e3532}</UniqueIdentifier>
    </Filter>
    <Filter Include="#3D Framework\Geometry">
      <UniqueIdentifier>{9f235dab-89cb-41aa-9478-989cdfd9be7d}</UniqueIdentifier>
    </Filter>
    <Filter Include="#3D Framework\Camera">
      <UniqueIdentifier>{b3c38766-28af-48f1-9658-7301dcdfed75}</UniqueIdentifier>
    </Filter>
    <Filter Include="#3D Framework\Grid">
      <UniqueIdentifier>{9cbf0329-b6ac-498f-b506-111d00f48d73}</UniqueIdentifier>
    </Filter>
    <Filter Include="MainGame">
      <UniqueIdentifier>{eb93fe87-d578-48f2-a88a-f9b666e8554a}</UniqueIdentifier>
    </Filter>
    <Filter Include="MainGame\Window">
      <UniqueIdentifier>{7976c4a6-f905-4e58-bbf8-4804bc34ebcd}</UniqueIdentifier>
    </Filter>
    <Filter Include="헤더 파일\기타">
      <UniqueIdentifier>{97a722a2-ce22-49a4-9fa3-cb5c4b442a5d}</UniqueIdentifier>
    </Filter>
    <Filter Include="소스 파일\기타">
      <UniqueIdentifier>{cd6b64b8-9520-429b-b008-f99a6731964f}</UniqueIdentifier>
    </Filter>
    <Filter Include="MainGame\GameMain">
      <UniqueIdentifier>{f4ce75ba-c581-4a4b-807a-4805b0a85559}</UniqueIdentifier>
    </Filter>
    <Filter Include="#3D Framework\Manager\DeviceManager">
      <UniqueIdentifier>{482d59c9-6b60-4129-bd86-f5a2198c784a}</UniqueIdentifier>
    </Filter>
    <Filter Include="#3D Framework\Manager\SceneManager">
      <UniqueIdentifier>{87ec93cd-4438-46dd-b6d1-6e172ed3f58f}</UniqueIdentifier>
    </Filter>
    <Filter Include="테스트용 폴더">
      <UniqueIdentifier>{3b88c983-182b-4d0d-9c47-4d5a494c297d}</UniqueIdentifier>
    </Filter>
    <Filter Include="#3D Framework\Manager\TimeManager">
      <UniqueIdentifier>{3912a80f-4cdb-4655-8d47-f80d0585f667}</UniqueIdentifier>
    </Filter>
    <Filter Include="#3D Framework\Geometry\드래곤볼 2성 구">
      <UniqueIdentifier>{b166b968-20eb-435f-98fc-56ba3e711b46}</UniqueIdentifier>
    </Filter>
    <Filter Include="#3D Framework\Geometry\드래곤볼 2성 구\찾았다 김태영">
      <UniqueIdentifier>{b2c7ef59-4da9-4033-abf2-0dc7d5a1e1db}</UniqueIdentifier>
    </Filter>
    <Filter Include="#3D Framework\Manager\KeyManager">
      <UniqueIdentifier>{b33f59c6-b717-42ee-b2c1-1148751b9cf1}</UniqueIdentifier>
    </Filter>
    <Filter Include="#3D Framework\Manager\MaterialManager">
      <UniqueIdentifier>{9fb193c2-f373-4f7c-938e-147edfb16ef6}</UniqueIdentifier>
    </Filter>
    <Filter Include="#3D Framework\cNormalSetting">
      <UniqueIdentifier>{0b09b278-be20-41d1-b30e-3ea0842e2c6e}</UniqueIdentifier>
    </Filter>
    <Filter Include="#3D Framework\RandomFunction">
      <UniqueIdentifier>{46840382-1082-4e4b-9dc9-ad9ad52d5f49}</UniqueIdentifier>
    </Filter>
    <Filter Include="#3D Framework\Manager\TextureManager">
      <UniqueIdentifier>{ef4ce708-67ee-4e80-a4b3-c5f6299fc964}</UniqueIdentifier>
    </Filter>
    <Filter Include="#3D Framework\Geometry\3성, 4성,  5성, 6구 지움 여현구">
      <UniqueIdentifier>{1389bdcc-0528-4a2a-a995-e4a43ff662b4}</UniqueIdentifier>
    </Filter>
    <Filter Include="소스 파일\TaeYeongDelete">
      <UniqueIdentifier>{f568e5bc-ac15-4014-95fd-42172f89d482}</UniqueIdentifier>
    </Filter>
    <Filter Include="#3D Framework\여현구 임시저장소">
      <UniqueIdentifier>{3b3afb8d-4504-41c4-bc19-3ae36b03a7cc}</UniqueIdentifier>
    </Filter>
    <Filter Include="#3D Framework\Camera\Hank">
      <UniqueIdentifier>{6e4922f9-6329-4c34-819e-55c28043e855}</UniqueIdentifier>
    </Filter>
    <Filter Include="#3D Framework\정현 임시저장">
      <UniqueIdentifier>{86781eaa-cd60-4832-bfea-16772179d822}</UniqueIdentifier>
    </Filter>
    <Filter Include="#3D Framework\Mesh">
      <UniqueIdentifier>{da90e018-f4c4-470d-8bdf-1a2c38a2595d}</UniqueIdentifier>
    </Filter>
    <Filter Include="#3D Framework\Mesh\Hank">
      <UniqueIdentifier>{5a27e493-e1b5-44ee-9131-8d32f59ac2bc}</UniqueIdentifier>
    </Filter>
    <Filter Include="#3D Framework\GridNode">
      <UniqueIdentifier>{4290e2da-e85b-415b-80e8-673c51ddc946}</UniqueIdentifier>
    </Filter>
    <Filter Include="#3D Framework\GridNode\Hank">
      <UniqueIdentifier>{9fd58d24-31d9-473b-abb3-56b40ffa2485}</UniqueIdentifier>
    </Filter>
    <Filter Include="#3D Framework\Control">
      <UniqueIdentifier>{05bdc2f7-7bff-4fb7-bb25-56837bfeda1d}</UniqueIdentifier>
    </Filter>
    <Filter Include="#3D Framework\Mesh\Tei">
      <UniqueIdentifier>{a42e4cdd-39aa-4ffa-8e84-6c3b2aae9fa3}</UniqueIdentifier>
    </Filter>
    <Filter Include="#3D Framework\Action">
      <UniqueIdentifier>{2df8f6be-e50f-4860-b628-0184d05a9777}</UniqueIdentifier>
    </Filter>
    <Filter Include="#3D Framework\Action\Tei">
      <UniqueIdentifier>{13c09e9f-6656-4563-acf7-fb36bab03f9c}</UniqueIdentifier>
    </Filter>
    <Filter Include="#3D Framework\Manager\FontManager">
      <UniqueIdentifier>{f2eed02a-4814-4af3-8c18-6976e7d59862}</UniqueIdentifier>
    </Filter>
    <Filter Include="#3D Framework\Character">
      <UniqueIdentifier>{19214674-42a4-4500-a898-cfe5379506c4}</UniqueIdentifier>
    </Filter>
    <Filter Include="#3D Framework\Enemy">
      <UniqueIdentifier>{cbf35020-b400-444d-8832-1fa16fc43661}</UniqueIdentifier>
    </Filter>
    <Filter Include="#3D Framework\Astar">
      <UniqueIdentifier>{c37e677f-efb4-458c-bc7d-74587d8d4052}</UniqueIdentifier>
    </Filter>
    <Filter Include="#3D Framework\Astar\Tei">
      <UniqueIdentifier>{48f9d287-61a9-4e92-b039-a8ea919befbd}</UniqueIdentifier>
    </Filter>
    <Filter Include="이동윤 임시저장소">
      <UniqueIdentifier>{22e135be-b3df-4a6f-af9d-b15ff9da7a76}</UniqueIdentifier>
    </Filter>
  </ItemGroup>
  <ItemGroup>
    <Text Include="ReadMe.txt" />
  </ItemGroup>
  <ItemGroup>
    <ClInclude Include="DarknessofPlanet.h">
      <Filter>MainGame\Window</Filter>
    </ClInclude>
    <ClInclude Include="stdafx.h">
      <Filter>MainGame\Window</Filter>
    </ClInclude>
    <ClInclude Include="resource.h">
      <Filter>헤더 파일\기타</Filter>
    </ClInclude>
    <ClInclude Include="targetver.h">
      <Filter>헤더 파일\기타</Filter>
    </ClInclude>
    <ClInclude Include="cGameNode.h">
      <Filter>MainGame\GameMain</Filter>
    </ClInclude>
    <ClInclude Include="cMainGame.h">
      <Filter>MainGame\GameMain</Filter>
    </ClInclude>
    <ClInclude Include="commonFunction.h">
      <Filter>MainGame\GameMain</Filter>
    </ClInclude>
    <ClInclude Include="cSingletonBase.h">
      <Filter>#3D Framework\Manager</Filter>
    </ClInclude>
    <ClInclude Include="cDeviceManager.h">
      <Filter>#3D Framework\Manager\DeviceManager</Filter>
    </ClInclude>
    <ClInclude Include="cSceneManager.h">
      <Filter>#3D Framework\Manager\SceneManager</Filter>
    </ClInclude>
    <ClInclude Include="cJustTestScene.h">
      <Filter>테스트용 폴더</Filter>
    </ClInclude>
    <ClInclude Include="cTimeManager.h">
      <Filter>#3D Framework\Manager\TimeManager</Filter>
    </ClInclude>
    <ClInclude Include="cTimer.h">
      <Filter>#3D Framework\Manager\TimeManager</Filter>
    </ClInclude>
    <ClInclude Include="cKeyManager.h">
      <Filter>#3D Framework\Manager\KeyManager</Filter>
    </ClInclude>
    <ClInclude Include="cMaterialManager.h">
      <Filter>#3D Framework\Manager\MaterialManager</Filter>
    </ClInclude>
    <ClInclude Include="cNormalSetting.h">
      <Filter>#3D Framework\cNormalSetting</Filter>
    </ClInclude>
    <ClInclude Include="cRandomFunction.h">
      <Filter>#3D Framework\RandomFunction</Filter>
    </ClInclude>
    <ClInclude Include="cTextureManager.h">
      <Filter>#3D Framework\Manager\TextureManager</Filter>
    </ClInclude>
    <ClInclude Include="cTaeYeongCube.h">
      <Filter>소스 파일\TaeYeongDelete</Filter>
    </ClInclude>
    <ClInclude Include="cTaeYeongCubeTexture.h">
      <Filter>소스 파일\TaeYeongDelete</Filter>
    </ClInclude>
    <ClInclude Include="cTaeYeongTile.h">
      <Filter>소스 파일\TaeYeongDelete</Filter>
    </ClInclude>
    <ClInclude Include="cTaeYeongPyramid.h">
      <Filter>소스 파일\TaeYeongDelete</Filter>
    </ClInclude>
    <ClInclude Include="cTaeYeongKeyShare.h">
      <Filter>소스 파일\TaeYeongDelete</Filter>
    </ClInclude>
    <ClInclude Include="cTaeYeongUIInterface.h">
      <Filter>소스 파일\TaeYeongDelete</Filter>
    </ClInclude>
    <ClInclude Include="cTaeYoengMoveOnce.h">
      <Filter>소스 파일\TaeYeongDelete</Filter>
    </ClInclude>
    <ClInclude Include="cTaeYeongMoveSequence.h">
      <Filter>소스 파일\TaeYeongDelete</Filter>
    </ClInclude>
    <ClInclude Include="cTaeYeongHPbar.h">
      <Filter>소스 파일\TaeYeongDelete</Filter>
    </ClInclude>
    <ClInclude Include="cFont.h">
      <Filter>#3D Framework\여현구 임시저장소</Filter>
    </ClInclude>
    <ClInclude Include="HankcCamera.h">
      <Filter>#3D Framework\Camera</Filter>
    </ClInclude>
    <ClInclude Include="HankcGrid.h">
      <Filter>#3D Framework\Camera\Hank</Filter>
    </ClInclude>
    <ClInclude Include="cObject.h">
      <Filter>#3D Framework\여현구 임시저장소</Filter>
    </ClInclude>
    <ClInclude Include="cObjectPool.h">
      <Filter>#3D Framework\여현구 임시저장소</Filter>
    </ClInclude>
    <ClInclude Include="cCrtCtrl.h">
      <Filter>#3D Framework\정현 임시저장</Filter>
    </ClInclude>
    <ClInclude Include="cAutoReleasePool.h">
      <Filter>#3D Framework\여현구 임시저장소</Filter>
    </ClInclude>
    <ClInclude Include="cAllocateHierarchy.h">
      <Filter>#3D Framework\Mesh\Hank</Filter>
    </ClInclude>
    <ClInclude Include="cSkinnedMesh.h">
      <Filter>#3D Framework\Mesh\Hank</Filter>
    </ClInclude>
    <ClInclude Include="cSkinnedMeshManager.h">
      <Filter>#3D Framework\Mesh\Hank</Filter>
    </ClInclude>
    <ClInclude Include="iMap.h">
      <Filter>#3D Framework\정현 임시저장</Filter>
    </ClInclude>
    <ClInclude Include="cActionSeq.h">
      <Filter>#3D Framework\정현 임시저장</Filter>
    </ClInclude>
    <ClInclude Include="cActionRepeat.h">
      <Filter>#3D Framework\정현 임시저장</Filter>
    </ClInclude>
    <ClInclude Include="cActionMove.h">
      <Filter>#3D Framework\정현 임시저장</Filter>
    </ClInclude>
    <ClInclude Include="cFrustum.h">
      <Filter>#3D Framework\정현 임시저장</Filter>
    </ClInclude>
    <ClInclude Include="cHeightMap.h">
      <Filter>#3D Framework\정현 임시저장</Filter>
    </ClInclude>
    <ClInclude Include="cUIObject.h">
      <Filter>#3D Framework\정현 임시저장</Filter>
    </ClInclude>
    <ClInclude Include="cUIButton.h">
      <Filter>#3D Framework\정현 임시저장</Filter>
    </ClInclude>
    <ClInclude Include="HankcNode.h">
      <Filter>#3D Framework\GridNode\Hank</Filter>
    </ClInclude>
    <ClInclude Include="cGameObject.h">
      <Filter>#3D Framework</Filter>
    </ClInclude>
    <ClInclude Include="TeicPhysicsCrtCtrl.h">
      <Filter>#3D Framework\Control</Filter>
    </ClInclude>
    <ClInclude Include="TeicSkinnedMesh.h">
      <Filter>#3D Framework\Mesh\Tei</Filter>
    </ClInclude>
    <ClInclude Include="cAction.h">
      <Filter>#3D Framework\여현구 임시저장소</Filter>
    </ClInclude>
    <ClInclude Include="TeicCollisionMove.h">
      <Filter>#3D Framework\Action\Tei</Filter>
    </ClInclude>
    <ClInclude Include="cUITextView.h">
      <Filter>#3D Framework\정현 임시저장</Filter>
    </ClInclude>
    <ClInclude Include="cUIImageView.h">
      <Filter>#3D Framework\정현 임시저장</Filter>
    </ClInclude>
    <ClInclude Include="cFontManager.h">
      <Filter>#3D Framework\Manager\FontManager</Filter>
    </ClInclude>
    <ClInclude Include="TeicCharacter.h">
      <Filter>#3D Framework\Character</Filter>
    </ClInclude>
    <ClInclude Include="TeicEnemy.h">
      <Filter>#3D Framework\Enemy</Filter>
    </ClInclude>
    <ClInclude Include="TeicAstar.h">
      <Filter>#3D Framework\Astar\Tei</Filter>
    </ClInclude>
    <ClInclude Include="TeicMoveSequence.h">
      <Filter>#3D Framework\Action\Tei</Filter>
    </ClInclude>
    <ClInclude Include="UIObjectManager.h">
      <Filter>헤더 파일</Filter>
    </ClInclude>
    <ClInclude Include="TeicJustTestScene.h">
      <Filter>테스트용 폴더</Filter>
    </ClInclude>
    <ClInclude Include="LDYcJustTestScene.h">
      <Filter>테스트용 폴더</Filter>
    </ClInclude>
    <ClInclude Include="LJHcJustTestScene.h">
      <Filter>테스트용 폴더</Filter>
    </ClInclude>
    <ClInclude Include="HankcJustTestScene.h">
      <Filter>테스트용 폴더</Filter>
    </ClInclude>
    <ClInclude Include="cTestMain.h">
      <Filter>테스트용 폴더</Filter>
    </ClInclude>
    <ClInclude Include="LDYSkinnedMesh.h">
      <Filter>이동윤 임시저장소</Filter>
    </ClInclude>
    <ClInclude Include="LDYCharacter.h">
      <Filter>이동윤 임시저장소</Filter>
    </ClInclude>
    <ClInclude Include="LDYSkinnedMesh_Head.h">
      <Filter>이동윤 임시저장소</Filter>
    </ClInclude>
    <ClInclude Include="LDYSkinnedMesh_Weapon.h">
      <Filter>이동윤 임시저장소</Filter>
    </ClInclude>
    <ClInclude Include="TeicMinHeap.h">
      <Filter>#3D Framework\Astar\Tei</Filter>
    </ClInclude>
    <ClInclude Include="TeicAstarShort.h">
      <Filter>#3D Framework\Astar\Tei</Filter>
    </ClInclude>
    <ClInclude Include="cSphere.h">
      <Filter>소스 파일\TaeYeongDelete</Filter>
    </ClInclude>
  </ItemGroup>
  <ItemGroup>
    <ClCompile Include="DarknessofPlanet.cpp">
      <Filter>MainGame\Window</Filter>
    </ClCompile>
    <ClCompile Include="stdafx.cpp">
      <Filter>MainGame\Window</Filter>
    </ClCompile>
    <ClCompile Include="cGameNode.cpp">
      <Filter>MainGame\GameMain</Filter>
    </ClCompile>
    <ClCompile Include="cMainGame.cpp">
      <Filter>MainGame\GameMain</Filter>
    </ClCompile>
    <ClCompile Include="cDeviceManager.cpp">
      <Filter>#3D Framework\Manager\DeviceManager</Filter>
    </ClCompile>
    <ClCompile Include="cSceneManager.cpp">
      <Filter>#3D Framework\Manager\SceneManager</Filter>
    </ClCompile>
    <ClCompile Include="cJustTestScene.cpp">
      <Filter>테스트용 폴더</Filter>
    </ClCompile>
    <ClCompile Include="commonFunction.cpp">
      <Filter>MainGame\GameMain</Filter>
    </ClCompile>
    <ClCompile Include="cTimeManager.cpp">
      <Filter>#3D Framework\Manager\TimeManager</Filter>
    </ClCompile>
    <ClCompile Include="cTimer.cpp">
      <Filter>#3D Framework\Manager\TimeManager</Filter>
    </ClCompile>
    <ClCompile Include="cKeyManager.cpp">
      <Filter>#3D Framework\Manager\KeyManager</Filter>
    </ClCompile>
    <ClCompile Include="cMaterialManager.cpp">
      <Filter>#3D Framework\Manager\MaterialManager</Filter>
    </ClCompile>
    <ClCompile Include="cNormalSetting.cpp">
      <Filter>#3D Framework\cNormalSetting</Filter>
    </ClCompile>
    <ClCompile Include="cTextureManager.cpp">
      <Filter>#3D Framework\Manager\TextureManager</Filter>
    </ClCompile>
    <ClCompile Include="cTaeYeongCube.cpp">
      <Filter>소스 파일\TaeYeongDelete</Filter>
    </ClCompile>
    <ClCompile Include="cTaeYeongCubeTexture.cpp">
      <Filter>소스 파일\TaeYeongDelete</Filter>
    </ClCompile>
    <ClCompile Include="cTaeYeongTile.cpp">
      <Filter>소스 파일\TaeYeongDelete</Filter>
    </ClCompile>
    <ClCompile Include="cTaeYeongPyramid.cpp">
      <Filter>소스 파일\TaeYeongDelete</Filter>
    </ClCompile>
    <ClCompile Include="cTaeYeongKeyShare.cpp">
      <Filter>소스 파일\TaeYeongDelete</Filter>
    </ClCompile>
    <ClCompile Include="cTaeYeongUIInterface.cpp">
      <Filter>소스 파일\TaeYeongDelete</Filter>
    </ClCompile>
    <ClCompile Include="cTaeYoengMoveOnce.cpp">
      <Filter>소스 파일\TaeYeongDelete</Filter>
    </ClCompile>
    <ClCompile Include="cTaeYeongMoveSequence.cpp">
      <Filter>소스 파일\TaeYeongDelete</Filter>
    </ClCompile>
    <ClCompile Include="cTaeYeongHPbar.cpp">
      <Filter>소스 파일\TaeYeongDelete</Filter>
    </ClCompile>
    <ClCompile Include="cFont.cpp">
      <Filter>#3D Framework\여현구 임시저장소</Filter>
    </ClCompile>
    <ClCompile Include="HankcCamera.cpp">
      <Filter>#3D Framework\Camera</Filter>
    </ClCompile>
    <ClCompile Include="HankcGrid.cpp">
      <Filter>#3D Framework\Camera\Hank</Filter>
    </ClCompile>
    <ClCompile Include="cObject.cpp">
      <Filter>#3D Framework\여현구 임시저장소</Filter>
    </ClCompile>
    <ClCompile Include="cObjectPool.cpp">
      <Filter>#3D Framework\여현구 임시저장소</Filter>
    </ClCompile>
    <ClCompile Include="cCrtCtrl.cpp">
      <Filter>#3D Framework\정현 임시저장</Filter>
    </ClCompile>
    <ClCompile Include="cAutoReleasePool.cpp">
      <Filter>#3D Framework\여현구 임시저장소</Filter>
    </ClCompile>
    <ClCompile Include="cAllocateHierarchy.cpp">
      <Filter>#3D Framework\Mesh\Hank</Filter>
    </ClCompile>
    <ClCompile Include="cSkinnedMesh.cpp">
      <Filter>#3D Framework\Mesh\Hank</Filter>
    </ClCompile>
    <ClCompile Include="cSkinnedMeshManager.cpp">
      <Filter>#3D Framework\Mesh\Hank</Filter>
    </ClCompile>
    <ClCompile Include="iMap.cpp">
      <Filter>#3D Framework\정현 임시저장</Filter>
    </ClCompile>
    <ClCompile Include="cActionSeq.cpp">
      <Filter>#3D Framework\정현 임시저장</Filter>
    </ClCompile>
    <ClCompile Include="cActionRepeat.cpp">
      <Filter>#3D Framework\정현 임시저장</Filter>
    </ClCompile>
    <ClCompile Include="cActionMove.cpp">
      <Filter>#3D Framework\정현 임시저장</Filter>
    </ClCompile>
    <ClCompile Include="cFrustum.cpp">
      <Filter>#3D Framework\정현 임시저장</Filter>
    </ClCompile>
    <ClCompile Include="cHeightMap.cpp">
      <Filter>#3D Framework\정현 임시저장</Filter>
    </ClCompile>
    <ClCompile Include="cUIObject.cpp">
      <Filter>#3D Framework\정현 임시저장</Filter>
    </ClCompile>
    <ClCompile Include="cUIButton.cpp">
      <Filter>#3D Framework\정현 임시저장</Filter>
    </ClCompile>
    <ClCompile Include="HankcNode.cpp">
      <Filter>#3D Framework\GridNode\Hank</Filter>
    </ClCompile>
    <ClCompile Include="cGameObject.cpp">
      <Filter>#3D Framework</Filter>
    </ClCompile>
    <ClCompile Include="TeicPhysicsCrtCtrl.cpp">
      <Filter>#3D Framework\Control</Filter>
    </ClCompile>
    <ClCompile Include="TeicSkinnedMesh.cpp">
      <Filter>#3D Framework\Mesh\Tei</Filter>
    </ClCompile>
    <ClCompile Include="cAction.cpp">
      <Filter>#3D Framework\여현구 임시저장소</Filter>
    </ClCompile>
    <ClCompile Include="TeicCollisionMove.cpp">
      <Filter>#3D Framework\Action\Tei</Filter>
    </ClCompile>
    <ClCompile Include="cUITextView.cpp">
      <Filter>#3D Framework\정현 임시저장</Filter>
    </ClCompile>
    <ClCompile Include="cUIImageView.cpp">
      <Filter>#3D Framework\정현 임시저장</Filter>
    </ClCompile>
    <ClCompile Include="cFontManager.cpp">
      <Filter>#3D Framework\Manager\FontManager</Filter>
    </ClCompile>
    <ClCompile Include="TeicCharacter.cpp">
      <Filter>#3D Framework\Character</Filter>
    </ClCompile>
    <ClCompile Include="TeicEnemy.cpp">
      <Filter>#3D Framework\Enemy</Filter>
    </ClCompile>
    <ClCompile Include="TeicAstar.cpp">
      <Filter>#3D Framework\Astar\Tei</Filter>
    </ClCompile>
    <ClCompile Include="TeicMoveSequence.cpp">
      <Filter>#3D Framework\Action\Tei</Filter>
    </ClCompile>
    <ClCompile Include="TeicJustTestScene.cpp">
      <Filter>테스트용 폴더</Filter>
    </ClCompile>
    <ClCompile Include="LDYcJustTestScene.cpp">
      <Filter>테스트용 폴더</Filter>
    </ClCompile>
    <ClCompile Include="LJHcJustTestScene.cpp">
      <Filter>테스트용 폴더</Filter>
    </ClCompile>
    <ClCompile Include="HankcJustTestScene.cpp">
      <Filter>테스트용 폴더</Filter>
    </ClCompile>
    <ClCompile Include="cTestMain.cpp">
      <Filter>테스트용 폴더</Filter>
    </ClCompile>
    <ClCompile Include="LDYSkinnedMesh.cpp">
      <Filter>이동윤 임시저장소</Filter>
    </ClCompile>
    <ClCompile Include="UIObjectManager.cpp">
      <Filter>소스 파일</Filter>
    </ClCompile>
    <ClCompile Include="LDYCharacter.cpp">
      <Filter>이동윤 임시저장소</Filter>
    </ClCompile>
    <ClCompile Include="LDYSkinnedMesh_Head.cpp">
      <Filter>이동윤 임시저장소</Filter>
    </ClCompile>
    <ClCompile Include="LDYSkinnedMesh_Weapon.cpp">
      <Filter>이동윤 임시저장소</Filter>
    </ClCompile>
    <ClCompile Include="TeicAstarShort.cpp">
      <Filter>#3D Framework\Astar\Tei</Filter>
    </ClCompile>
    <ClCompile Include="cSphere.cpp">
      <Filter>소스 파일\TaeYeongDelete</Filter>
    </ClCompile>
  </ItemGroup>
  <ItemGroup>
    <ResourceCompile Include="DarknessofPlanet.rc">
      <Filter>리소스 파일</Filter>
    </ResourceCompile>
  </ItemGroup>
  <ItemGroup>
    <Image Include="small.ico">
      <Filter>리소스 파일</Filter>
    </Image>
    <Image Include="DarknessofPlanet.ico">
      <Filter>리소스 파일</Filter>
    </Image>
  </ItemGroup>
</Project>